
Microsoft Visual Studio Solution File, Format Version 12.00
# Visual Studio Version 17
VisualStudioVersion = 17.3.32901.215
MinimumVisualStudioVersion = 10.0.40219.1
Project("{FAE04EC0-301F-11D3-BF4B-00C04F79EFBC}") = "ToDo App1", "ToDo App1\ToDo App1.csproj", "{8199A20D-4AD4-476C-B4CC-4F61947815EC}"
EndProject
Global
	GlobalSection(SolutionConfigurationPlatforms) = preSolution
		Debug|Any CPU = Debug|Any CPU
		Release|Any CPU = Release|Any CPU
	EndGlobalSection
	GlobalSection(ProjectConfigurationPlatforms) = postSolution
		{8199A20D-4AD4-476C-B4CC-4F61947815EC}.Debug|Any CPU.ActiveCfg = Debug|Any CPU
		{8199A20D-4AD4-476C-B4CC-4F61947815EC}.Debug|Any CPU.Build.0 = Debug|Any CPU
		{8199A20D-4AD4-476C-B4CC-4F61947815EC}.Release|Any CPU.ActiveCfg = Release|Any CPU
		{8199A20D-4AD4-476C-B4CC-4F61947815EC}.Release|Any CPU.Build.0 = Release|Any CPU
	EndGlobalSection
	GlobalSection(SolutionProperties) = preSolution
		HideSolutionNode = FALSE
	EndGlobalSection
	GlobalSection(ExtensibilityGlobals) = postSolution
		SolutionGuid = {7018450C-2CF1-4C34-B808-B98BA9945000}
	EndGlobalSection
EndGlobal
